{
  "pins" : [
    {
      "identity" : "starscream",
      "kind" : "remoteSourceControl",
      "location" : "https://github.com/daltoniam/Starscream.git",
      "state" : {
        "revision" : "c6bfd1af48efcc9a9ad203665db12375ba6b145a",
        "version" : "4.0.8"
      }
    },
    {
      "identity" : "trustkit",
      "kind" : "remoteSourceControl",
      "location" : "https://github.com/datatheorem/TrustKit.git",
      "state" : {
        "revision" : "a94f27be00a9811618ff92f0d3fc40dac8211ba7",
        "version" : "3.0.7"
      }
    }
  ],
  "version" : 2
}
